
Microsoft Visual Studio Solution File, Format Version 12.00
# Visual Studio Version 17
VisualStudioVersion = 17.4.33403.182
MinimumVisualStudioVersion = 10.0.40219.1
Project("{888888A0-9F3D-457C-B088-3A5042F75D52}") = "PythonApplication11", "PythonApplication11.pyproj", "{CC991FA4-54A1-49C4-95CD-C0C9FD1A398A}"
EndProject
Global
	GlobalSection(SolutionConfigurationPlatforms) = preSolution
		Debug|Any CPU = Debug|Any CPU
		Release|Any CPU = Release|Any CPU
	EndGlobalSection
	GlobalSection(ProjectConfigurationPlatforms) = postSolution
		{CC991FA4-54A1-49C4-95CD-C0C9FD1A398A}.Debug|Any CPU.ActiveCfg = Debug|Any CPU
		{CC991FA4-54A1-49C4-95CD-C0C9FD1A398A}.Release|Any CPU.ActiveCfg = Release|Any CPU
	EndGlobalSection
	GlobalSection(SolutionProperties) = preSolution
		HideSolutionNode = FALSE
	EndGlobalSection
	GlobalSection(ExtensibilityGlobals) = postSolution
		SolutionGuid = {60B5429D-BFE1-43B3-9D29-3BC0C8487753}
	EndGlobalSection
EndGlobal
